// !$*UTF8*$!
{
	archiveVersion = 1;
	classes = {
	};
	objectVersion = 51;
	objects = {

/* Begin PBXBuildFile section */
		66066AC824BED83E00D685D1 /* AppDelegate.swift in Sources */ = {isa = PBXBuildFile; fileRef = 66066AC724BED83E00D685D1 /* AppDelegate.swift */; };
		66066ACA24BED83E00D685D1 /* SceneDelegate.swift in Sources */ = {isa = PBXBuildFile; fileRef = 66066AC924BED83E00D685D1 /* SceneDelegate.swift */; };
		66066ACC24BED83E00D685D1 /* ViewController.swift in Sources */ = {isa = PBXBuildFile; fileRef = 66066ACB24BED83E00D685D1 /* ViewController.swift */; };
		66066ACF24BED83E00D685D1 /* Main.storyboard in Resources */ = {isa = PBXBuildFile; fileRef = 66066ACD24BED83E00D685D1 /* Main.storyboard */; };
		66066AD124BED83E00D685D1 /* Assets.xcassets in Resources */ = {isa = PBXBuildFile; fileRef = 66066AD024BED83E00D685D1 /* Assets.xcassets */; };
		66066AD424BED83E00D685D1 /* LaunchScreen.storyboard in Resources */ = {isa = PBXBuildFile; fileRef = 66066AD224BED83E00D685D1 /* LaunchScreen.storyboard */; };
		66066ADC24BED90500D685D1 /* MainTabBarController.swift in Sources */ = {isa = PBXBuildFile; fileRef = 66066ADB24BED90500D685D1 /* MainTabBarController.swift */; };
		66066ADE24BEDD9B00D685D1 /* SearchMusicViewController.swift in Sources */ = {isa = PBXBuildFile; fileRef = 66066ADD24BEDD9B00D685D1 /* SearchMusicViewController.swift */; };
		66420AF224D19DFD0047BE85 /* CMTime + Extension.swift in Sources */ = {isa = PBXBuildFile; fileRef = 66420AF124D19DFD0047BE85 /* CMTime + Extension.swift */; };
		66E9995024C1F7FD0062F410 /* FooterView.swift in Sources */ = {isa = PBXBuildFile; fileRef = 66E9994F24C1F7FD0062F410 /* FooterView.swift */; };
		66E9995324C200F10062F410 /* TrackDetailView.swift in Sources */ = {isa = PBXBuildFile; fileRef = 66E9995224C200F10062F410 /* TrackDetailView.swift */; };
		66E9995524C201080062F410 /* TrackDetailView.xib in Resources */ = {isa = PBXBuildFile; fileRef = 66E9995424C201080062F410 /* TrackDetailView.xib */; };
		66F7D67424BF38830042589F /* SearchResponse.swift in Sources */ = {isa = PBXBuildFile; fileRef = 66F7D67324BF38830042589F /* SearchResponse.swift */; };
		66F7D67624C198190042589F /* NetworkService.swift in Sources */ = {isa = PBXBuildFile; fileRef = 66F7D67524C198190042589F /* NetworkService.swift */; };
		66F7D68E24C1A65E0042589F /* SearchPresenter.swift in Sources */ = {isa = PBXBuildFile; fileRef = 66F7D68724C1A65E0042589F /* SearchPresenter.swift */; };
		66F7D68F24C1A65E0042589F /* SearchWorker.swift in Sources */ = {isa = PBXBuildFile; fileRef = 66F7D68824C1A65E0042589F /* SearchWorker.swift */; };
		66F7D69024C1A65E0042589F /* SearchRouter.swift in Sources */ = {isa = PBXBuildFile; fileRef = 66F7D68924C1A65E0042589F /* SearchRouter.swift */; };
		66F7D69124C1A65E0042589F /* SearchModels.swift in Sources */ = {isa = PBXBuildFile; fileRef = 66F7D68A24C1A65E0042589F /* SearchModels.swift */; };
		66F7D69224C1A65E0042589F /* SearchViewController.swift in Sources */ = {isa = PBXBuildFile; fileRef = 66F7D68B24C1A65E0042589F /* SearchViewController.swift */; };
		66F7D69324C1A65E0042589F /* SearchInteractor.swift in Sources */ = {isa = PBXBuildFile; fileRef = 66F7D68C24C1A65E0042589F /* SearchInteractor.swift */; };
		66F7D69624C1ABFB0042589F /* SearchViewController.storyboard in Resources */ = {isa = PBXBuildFile; fileRef = 66F7D69524C1ABFB0042589F /* SearchViewController.storyboard */; };
		66F7D69824C1B61F0042589F /* UIViewController+Storyboard.swift in Sources */ = {isa = PBXBuildFile; fileRef = 66F7D69724C1B61F0042589F /* UIViewController+Storyboard.swift */; };
		66F7D69C24C1DCE20042589F /* TrackCell.xib in Resources */ = {isa = PBXBuildFile; fileRef = 66F7D69B24C1DCE20042589F /* TrackCell.xib */; };
		66F7D69E24C1DD1A0042589F /* TrackCell.swift in Sources */ = {isa = PBXBuildFile; fileRef = 66F7D69D24C1DD1A0042589F /* TrackCell.swift */; };
		85EF1EB55B8A08122CCD9044 /* Pods_LSMusic.framework in Frameworks */ = {isa = PBXBuildFile; fileRef = 9D33818C6F609CC11E2D820C /* Pods_LSMusic.framework */; };
/* End PBXBuildFile section */

/* Begin PBXFileReference section */
		66066AC424BED83E00D685D1 /* LSMusic.app */ = {isa = PBXFileReference; explicitFileType = wrapper.application; includeInIndex = 0; path = LSMusic.app; sourceTree = BUILT_PRODUCTS_DIR; };
		66066AC724BED83E00D685D1 /* AppDelegate.swift */ = {isa = PBXFileReference; lastKnownFileType = sourcecode.swift; path = AppDelegate.swift; sourceTree = "<group>"; };
		66066AC924BED83E00D685D1 /* SceneDelegate.swift */ = {isa = PBXFileReference; lastKnownFileType = sourcecode.swift; path = SceneDelegate.swift; sourceTree = "<group>"; };
		66066ACB24BED83E00D685D1 /* ViewController.swift */ = {isa = PBXFileReference; lastKnownFileType = sourcecode.swift; path = ViewController.swift; sourceTree = "<group>"; };
		66066ACE24BED83E00D685D1 /* Base */ = {isa = PBXFileReference; lastKnownFileType = file.storyboard; name = Base; path = Base.lproj/Main.storyboard; sourceTree = "<group>"; };
		66066AD024BED83E00D685D1 /* Assets.xcassets */ = {isa = PBXFileReference; lastKnownFileType = folder.assetcatalog; path = Assets.xcassets; sourceTree = "<group>"; };
		66066AD324BED83E00D685D1 /* Base */ = {isa = PBXFileReference; lastKnownFileType = file.storyboard; name = Base; path = Base.lproj/LaunchScreen.storyboard; sourceTree = "<group>"; };
		66066AD524BED83E00D685D1 /* Info.plist */ = {isa = PBXFileReference; lastKnownFileType = text.plist.xml; path = Info.plist; sourceTree = "<group>"; };
		66066ADB24BED90500D685D1 /* MainTabBarController.swift */ = {isa = PBXFileReference; lastKnownFileType = sourcecode.swift; path = MainTabBarController.swift; sourceTree = "<group>"; };
		66066ADD24BEDD9B00D685D1 /* SearchMusicViewController.swift */ = {isa = PBXFileReference; lastKnownFileType = sourcecode.swift; path = SearchMusicViewController.swift; sourceTree = "<group>"; };
		66420AF124D19DFD0047BE85 /* CMTime + Extension.swift */ = {isa = PBXFileReference; lastKnownFileType = sourcecode.swift; path = "CMTime + Extension.swift"; sourceTree = "<group>"; };
		66E9994F24C1F7FD0062F410 /* FooterView.swift */ = {isa = PBXFileReference; lastKnownFileType = sourcecode.swift; path = FooterView.swift; sourceTree = "<group>"; };
		66E9995224C200F10062F410 /* TrackDetailView.swift */ = {isa = PBXFileReference; lastKnownFileType = sourcecode.swift; path = TrackDetailView.swift; sourceTree = "<group>"; };
		66E9995424C201080062F410 /* TrackDetailView.xib */ = {isa = PBXFileReference; lastKnownFileType = file.xib; path = TrackDetailView.xib; sourceTree = "<group>"; };
		66F7D67324BF38830042589F /* SearchResponse.swift */ = {isa = PBXFileReference; lastKnownFileType = sourcecode.swift; path = SearchResponse.swift; sourceTree = "<group>"; };
		66F7D67524C198190042589F /* NetworkService.swift */ = {isa = PBXFileReference; lastKnownFileType = sourcecode.swift; path = NetworkService.swift; sourceTree = "<group>"; };
		66F7D68724C1A65E0042589F /* SearchPresenter.swift */ = {isa = PBXFileReference; lastKnownFileType = sourcecode.swift; path = SearchPresenter.swift; sourceTree = "<group>"; };
		66F7D68824C1A65E0042589F /* SearchWorker.swift */ = {isa = PBXFileReference; lastKnownFileType = sourcecode.swift; path = SearchWorker.swift; sourceTree = "<group>"; };
		66F7D68924C1A65E0042589F /* SearchRouter.swift */ = {isa = PBXFileReference; lastKnownFileType = sourcecode.swift; path = SearchRouter.swift; sourceTree = "<group>"; };
		66F7D68A24C1A65E0042589F /* SearchModels.swift */ = {isa = PBXFileReference; lastKnownFileType = sourcecode.swift; path = SearchModels.swift; sourceTree = "<group>"; };
		66F7D68B24C1A65E0042589F /* SearchViewController.swift */ = {isa = PBXFileReference; lastKnownFileType = sourcecode.swift; path = SearchViewController.swift; sourceTree = "<group>"; };
		66F7D68C24C1A65E0042589F /* SearchInteractor.swift */ = {isa = PBXFileReference; lastKnownFileType = sourcecode.swift; path = SearchInteractor.swift; sourceTree = "<group>"; };
		66F7D69524C1ABFB0042589F /* SearchViewController.storyboard */ = {isa = PBXFileReference; lastKnownFileType = file.storyboard; path = SearchViewController.storyboard; sourceTree = "<group>"; };
		66F7D69724C1B61F0042589F /* UIViewController+Storyboard.swift */ = {isa = PBXFileReference; lastKnownFileType = sourcecode.swift; path = "UIViewController+Storyboard.swift"; sourceTree = "<group>"; };
		66F7D69B24C1DCE20042589F /* TrackCell.xib */ = {isa = PBXFileReference; lastKnownFileType = file.xib; path = TrackCell.xib; sourceTree = "<group>"; };
		66F7D69D24C1DD1A0042589F /* TrackCell.swift */ = {isa = PBXFileReference; lastKnownFileType = sourcecode.swift; path = TrackCell.swift; sourceTree = "<group>"; };
		9D33818C6F609CC11E2D820C /* Pods_LSMusic.framework */ = {isa = PBXFileReference; explicitFileType = wrapper.framework; includeInIndex = 0; path = Pods_LSMusic.framework; sourceTree = BUILT_PRODUCTS_DIR; };
		A20AE87D027290F95990FBFC /* Pods-LSMusic.debug.xcconfig */ = {isa = PBXFileReference; includeInIndex = 1; lastKnownFileType = text.xcconfig; name = "Pods-LSMusic.debug.xcconfig"; path = "Target Support Files/Pods-LSMusic/Pods-LSMusic.debug.xcconfig"; sourceTree = "<group>"; };
		A67D7D23DCA96042E5E2987A /* Pods-LSMusic.release.xcconfig */ = {isa = PBXFileReference; includeInIndex = 1; lastKnownFileType = text.xcconfig; name = "Pods-LSMusic.release.xcconfig"; path = "Target Support Files/Pods-LSMusic/Pods-LSMusic.release.xcconfig"; sourceTree = "<group>"; };
/* End PBXFileReference section */

/* Begin PBXFrameworksBuildPhase section */
		66066AC124BED83E00D685D1 /* Frameworks */ = {
			isa = PBXFrameworksBuildPhase;
			buildActionMask = 2147483647;
			files = (
				85EF1EB55B8A08122CCD9044 /* Pods_LSMusic.framework in Frameworks */,
			);
			runOnlyForDeploymentPostprocessing = 0;
		};
/* End PBXFrameworksBuildPhase section */

/* Begin PBXGroup section */
		0BBFADA1F96EDC6D1AE820A3 /* Frameworks */ = {
			isa = PBXGroup;
			children = (
				9D33818C6F609CC11E2D820C /* Pods_LSMusic.framework */,
			);
			name = Frameworks;
			sourceTree = "<group>";
		};
		66066ABB24BED83D00D685D1 = {
			isa = PBXGroup;
			children = (
				66066AC624BED83E00D685D1 /* LSMusic */,
				66066AC524BED83E00D685D1 /* Products */,
				D15C67D9CB47801561505077 /* Pods */,
				0BBFADA1F96EDC6D1AE820A3 /* Frameworks */,
			);
			sourceTree = "<group>";
		};
		66066AC524BED83E00D685D1 /* Products */ = {
			isa = PBXGroup;
			children = (
				66066AC424BED83E00D685D1 /* LSMusic.app */,
			);
			name = Products;
			sourceTree = "<group>";
		};
		66066AC624BED83E00D685D1 /* LSMusic */ = {
			isa = PBXGroup;
			children = (
				66066AC724BED83E00D685D1 /* AppDelegate.swift */,
				66066AC924BED83E00D685D1 /* SceneDelegate.swift */,
				66066ADB24BED90500D685D1 /* MainTabBarController.swift */,
				66F7D68624C1A5890042589F /* Services */,
				66F7D67724C1A1660042589F /* Search */,
				66066ADD24BEDD9B00D685D1 /* SearchMusicViewController.swift */,
				66F7D69924C1B6330042589F /* Helpers */,
				66066ACB24BED83E00D685D1 /* ViewController.swift */,
				66066ACD24BED83E00D685D1 /* Main.storyboard */,
				66066AD024BED83E00D685D1 /* Assets.xcassets */,
				66066AD224BED83E00D685D1 /* LaunchScreen.storyboard */,
				66066AD524BED83E00D685D1 /* Info.plist */,
			);
			path = LSMusic;
			sourceTree = "<group>";
		};
		66E9994E24C1F7DE0062F410 /* FooterView */ = {
			isa = PBXGroup;
			children = (
				66E9994F24C1F7FD0062F410 /* FooterView.swift */,
			);
			path = FooterView;
			sourceTree = "<group>";
		};
		66E9995124C200DC0062F410 /* TrackDetailView */ = {
			isa = PBXGroup;
			children = (
				66E9995424C201080062F410 /* TrackDetailView.xib */,
				66E9995224C200F10062F410 /* TrackDetailView.swift */,
			);
			path = TrackDetailView;
			sourceTree = "<group>";
		};
		66F7D67724C1A1660042589F /* Search */ = {
			isa = PBXGroup;
			children = (
				66E9995124C200DC0062F410 /* TrackDetailView */,
				66E9994E24C1F7DE0062F410 /* FooterView */,
				66F7D69A24C1DCAD0042589F /* Cell */,
				66F7D69524C1ABFB0042589F /* SearchViewController.storyboard */,
				66F7D68B24C1A65E0042589F /* SearchViewController.swift */,
				66F7D68C24C1A65E0042589F /* SearchInteractor.swift */,
				66F7D68724C1A65E0042589F /* SearchPresenter.swift */,
				66F7D68A24C1A65E0042589F /* SearchModels.swift */,
				66F7D68824C1A65E0042589F /* SearchWorker.swift */,
				66F7D68924C1A65E0042589F /* SearchRouter.swift */,
			);
			path = Search;
			sourceTree = "<group>";
		};
		66F7D68624C1A5890042589F /* Services */ = {
			isa = PBXGroup;
			children = (
				66F7D69F24C1E3BB0042589F /* Models */,
				66F7D67524C198190042589F /* NetworkService.swift */,
			);
			path = Services;
			sourceTree = "<group>";
		};
		66F7D69924C1B6330042589F /* Helpers */ = {
			isa = PBXGroup;
			children = (
				66F7D69724C1B61F0042589F /* UIViewController+Storyboard.swift */,
				66420AF124D19DFD0047BE85 /* CMTime + Extension.swift */,
			);
			path = Helpers;
			sourceTree = "<group>";
		};
		66F7D69A24C1DCAD0042589F /* Cell */ = {
			isa = PBXGroup;
			children = (
				66F7D69B24C1DCE20042589F /* TrackCell.xib */,
				66F7D69D24C1DD1A0042589F /* TrackCell.swift */,
			);
			path = Cell;
			sourceTree = "<group>";
		};
		66F7D69F24C1E3BB0042589F /* Models */ = {
			isa = PBXGroup;
			children = (
				66F7D67324BF38830042589F /* SearchResponse.swift */,
			);
			path = Models;
			sourceTree = "<group>";
		};
		D15C67D9CB47801561505077 /* Pods */ = {
			isa = PBXGroup;
			children = (
				A20AE87D027290F95990FBFC /* Pods-LSMusic.debug.xcconfig */,
				A67D7D23DCA96042E5E2987A /* Pods-LSMusic.release.xcconfig */,
			);
			path = Pods;
			sourceTree = "<group>";
		};
/* End PBXGroup section */

/* Begin PBXNativeTarget section */
		66066AC324BED83E00D685D1 /* LSMusic */ = {
			isa = PBXNativeTarget;
			buildConfigurationList = 66066AD824BED83E00D685D1 /* Build configuration list for PBXNativeTarget "LSMusic" */;
			buildPhases = (
				9A2FAC7D799B7406C35B64A2 /* [CP] Check Pods Manifest.lock */,
				66066AC024BED83E00D685D1 /* Sources */,
				66066AC124BED83E00D685D1 /* Frameworks */,
				66066AC224BED83E00D685D1 /* Resources */,
				CB867D090C57D42DC0DE7B52 /* [CP] Embed Pods Frameworks */,
			);
			buildRules = (
			);
			dependencies = (
			);
			name = LSMusic;
			productName = LSMusic;
			productReference = 66066AC424BED83E00D685D1 /* LSMusic.app */;
			productType = "com.apple.product-type.application";
		};
/* End PBXNativeTarget section */

/* Begin PBXProject section */
		66066ABC24BED83D00D685D1 /* Project object */ = {
			isa = PBXProject;
			attributes = {
				LastSwiftUpdateCheck = 1150;
				LastUpgradeCheck = 1150;
				ORGANIZATIONNAME = "Станислав Лемешаев";
				TargetAttributes = {
					66066AC324BED83E00D685D1 = {
						CreatedOnToolsVersion = 11.5;
					};
				};
			};
			buildConfigurationList = 66066ABF24BED83D00D685D1 /* Build configuration list for PBXProject "LSMusic" */;
			compatibilityVersion = "Xcode 9.3";
			developmentRegion = en;
			hasScannedForEncodings = 0;
			knownRegions = (
				en,
				Base,
			);
			mainGroup = 66066ABB24BED83D00D685D1;
			productRefGroup = 66066AC524BED83E00D685D1 /* Products */;
			projectDirPath = "";
			projectRoot = "";
			targets = (
				66066AC324BED83E00D685D1 /* LSMusic */,
			);
		};
/* End PBXProject section */

/* Begin PBXResourcesBuildPhase section */
		66066AC224BED83E00D685D1 /* Resources */ = {
			isa = PBXResourcesBuildPhase;
			buildActionMask = 2147483647;
			files = (
				66066AD424BED83E00D685D1 /* LaunchScreen.storyboard in Resources */,
				66E9995524C201080062F410 /* TrackDetailView.xib in Resources */,
				66F7D69C24C1DCE20042589F /* TrackCell.xib in Resources */,
				66066AD124BED83E00D685D1 /* Assets.xcassets in Resources */,
				66F7D69624C1ABFB0042589F /* SearchViewController.storyboard in Resources */,
				66066ACF24BED83E00D685D1 /* Main.storyboard in Resources */,
			);
			runOnlyForDeploymentPostprocessing = 0;
		};
/* End PBXResourcesBuildPhase section */

/* Begin PBXShellScriptBuildPhase section */
		9A2FAC7D799B7406C35B64A2 /* [CP] Check Pods Manifest.lock */ = {
			isa = PBXShellScriptBuildPhase;
			buildActionMask = 2147483647;
			files = (
			);
			inputFileListPaths = (
			);
			inputPaths = (
				"${PODS_PODFILE_DIR_PATH}/Podfile.lock",
				"${PODS_ROOT}/Manifest.lock",
			);
			name = "[CP] Check Pods Manifest.lock";
			outputFileListPaths = (
			);
			outputPaths = (
				"$(DERIVED_FILE_DIR)/Pods-LSMusic-checkManifestLockResult.txt",
			);
			runOnlyForDeploymentPostprocessing = 0;
			shellPath = /bin/sh;
			shellScript = "diff \"${PODS_PODFILE_DIR_PATH}/Podfile.lock\" \"${PODS_ROOT}/Manifest.lock\" > /dev/null\nif [ $? != 0 ] ; then\n    # print error to STDERR\n    echo \"error: The sandbox is not in sync with the Podfile.lock. Run 'pod install' or update your CocoaPods installation.\" >&2\n    exit 1\nfi\n# This output is used by Xcode 'outputs' to avoid re-running this script phase.\necho \"SUCCESS\" > \"${SCRIPT_OUTPUT_FILE_0}\"\n";
			showEnvVarsInLog = 0;
		};
		CB867D090C57D42DC0DE7B52 /* [CP] Embed Pods Frameworks */ = {
			isa = PBXShellScriptBuildPhase;
			buildActionMask = 2147483647;
			files = (
			);
			inputFileListPaths = (
				"${PODS_ROOT}/Target Support Files/Pods-LSMusic/Pods-LSMusic-frameworks-${CONFIGURATION}-input-files.xcfilelist",
			);
			name = "[CP] Embed Pods Frameworks";
			outputFileListPaths = (
				"${PODS_ROOT}/Target Support Files/Pods-LSMusic/Pods-LSMusic-frameworks-${CONFIGURATION}-output-files.xcfilelist",
			);
			runOnlyForDeploymentPostprocessing = 0;
			shellPath = /bin/sh;
			shellScript = "\"${PODS_ROOT}/Target Support Files/Pods-LSMusic/Pods-LSMusic-frameworks.sh\"\n";
			showEnvVarsInLog = 0;
		};
/* End PBXShellScriptBuildPhase section */

/* Begin PBXSourcesBuildPhase section */
		66066AC024BED83E00D685D1 /* Sources */ = {
			isa = PBXSourcesBuildPhase;
			buildActionMask = 2147483647;
			files = (
				66066ADE24BEDD9B00D685D1 /* SearchMusicViewController.swift in Sources */,
				66066ACC24BED83E00D685D1 /* ViewController.swift in Sources */,
				66F7D67424BF38830042589F /* SearchResponse.swift in Sources */,
				66F7D69324C1A65E0042589F /* SearchInteractor.swift in Sources */,
				66066AC824BED83E00D685D1 /* AppDelegate.swift in Sources */,
				66E9995024C1F7FD0062F410 /* FooterView.swift in Sources */,
				66420AF224D19DFD0047BE85 /* CMTime + Extension.swift in Sources */,
				66F7D69E24C1DD1A0042589F /* TrackCell.swift in Sources */,
				66066ADC24BED90500D685D1 /* MainTabBarController.swift in Sources */,
				66F7D68F24C1A65E0042589F /* SearchWorker.swift in Sources */,
				66F7D69224C1A65E0042589F /* SearchViewController.swift in Sources */,
				66F7D69024C1A65E0042589F /* SearchRouter.swift in Sources */,
				66F7D69124C1A65E0042589F /* SearchModels.swift in Sources */,
				66066ACA24BED83E00D685D1 /* SceneDelegate.swift in Sources */,
				66F7D68E24C1A65E0042589F /* SearchPresenter.swift in Sources */,
				66F7D67624C198190042589F /* NetworkService.swift in Sources */,
				66E9995324C200F10062F410 /* TrackDetailView.swift in Sources */,
				66F7D69824C1B61F0042589F /* UIViewController+Storyboard.swift in Sources */,
			);
			runOnlyForDeploymentPostprocessing = 0;
		};
/* End PBXSourcesBuildPhase section */

/* Begin PBXVariantGroup section */
		66066ACD24BED83E00D685D1 /* Main.storyboard */ = {
			isa = PBXVariantGroup;
			children = (
				66066ACE24BED83E00D685D1 /* Base */,
			);
			name = Main.storyboard;
			sourceTree = "<group>";
		};
		66066AD224BED83E00D685D1 /* LaunchScreen.storyboard */ = {
			isa = PBXVariantGroup;
			children = (
				66066AD324BED83E00D685D1 /* Base */,
			);
			name = LaunchScreen.storyboard;
			sourceTree = "<group>";
		};
/* End PBXVariantGroup section */

/* Begin XCBuildConfiguration section */
		66066AD624BED83E00D685D1 /* Debug */ = {
			isa = XCBuildConfiguration;
			buildSettings = {
				ALWAYS_SEARCH_USER_PATHS = NO;
				CLANG_ANALYZER_NONNULL = YES;
				CLANG_ANALYZER_NUMBER_OBJECT_CONVERSION = YES_AGGRESSIVE;
				CLANG_CXX_LANGUAGE_STANDARD = "gnu++14";
				CLANG_CXX_LIBRARY = "libc++";
				CLANG_ENABLE_MODULES = YES;
				CLANG_ENABLE_OBJC_ARC = YES;
				CLANG_ENABLE_OBJC_WEAK = YES;
				CLANG_WARN_BLOCK_CAPTURE_AUTORELEASING = YES;
				CLANG_WARN_BOOL_CONVERSION = YES;
				CLANG_WARN_COMMA = YES;
				CLANG_WARN_CONSTANT_CONVERSION = YES;
				CLANG_WARN_DEPRECATED_OBJC_IMPLEMENTATIONS = YES;
				CLANG_WARN_DIRECT_OBJC_ISA_USAGE = YES_ERROR;
				CLANG_WARN_DOCUMENTATION_COMMENTS = YES;
				CLANG_WARN_EMPTY_BODY = YES;
				CLANG_WARN_ENUM_CONVERSION = YES;
				CLANG_WARN_INFINITE_RECURSION = YES;
				CLANG_WARN_INT_CONVERSION = YES;
				CLANG_WARN_NON_LITERAL_NULL_CONVERSION = YES;
				CLANG_WARN_OBJC_IMPLICIT_RETAIN_SELF = YES;
				CLANG_WARN_OBJC_LITERAL_CONVERSION = YES;
				CLANG_WARN_OBJC_ROOT_CLASS = YES_ERROR;
				CLANG_WARN_RANGE_LOOP_ANALYSIS = YES;
				CLANG_WARN_STRICT_PROTOTYPES = YES;
				CLANG_WARN_SUSPICIOUS_MOVE = YES;
				CLANG_WARN_UNGUARDED_AVAILABILITY = YES_AGGRESSIVE;
				CLANG_WARN_UNREACHABLE_CODE = YES;
				CLANG_WARN__DUPLICATE_METHOD_MATCH = YES;
				COPY_PHASE_STRIP = NO;
				DEBUG_INFORMATION_FORMAT = dwarf;
				ENABLE_STRICT_OBJC_MSGSEND = YES;
				ENABLE_TESTABILITY = YES;
				GCC_C_LANGUAGE_STANDARD = gnu11;
				GCC_DYNAMIC_NO_PIC = NO;
				GCC_NO_COMMON_BLOCKS = YES;
				GCC_OPTIMIZATION_LEVEL = 0;
				GCC_PREPROCESSOR_DEFINITIONS = (
					"DEBUG=1",
					"$(inherited)",
				);
				GCC_WARN_64_TO_32_BIT_CONVERSION = YES;
				GCC_WARN_ABOUT_RETURN_TYPE = YES_ERROR;
				GCC_WARN_UNDECLARED_SELECTOR = YES;
				GCC_WARN_UNINITIALIZED_AUTOS = YES_AGGRESSIVE;
				GCC_WARN_UNUSED_FUNCTION = YES;
				GCC_WARN_UNUSED_VARIABLE = YES;
				IPHONEOS_DEPLOYMENT_TARGET = 13.5;
				MTL_ENABLE_DEBUG_INFO = INCLUDE_SOURCE;
				MTL_FAST_MATH = YES;
				ONLY_ACTIVE_ARCH = YES;
				SDKROOT = iphoneos;
				SWIFT_ACTIVE_COMPILATION_CONDITIONS = DEBUG;
				SWIFT_OPTIMIZATION_LEVEL = "-Onone";
			};
			name = Debug;
		};
		66066AD724BED83E00D685D1 /* Release */ = {
			isa = XCBuildConfiguration;
			buildSettings = {
				ALWAYS_SEARCH_USER_PATHS = NO;
				CLANG_ANALYZER_NONNULL = YES;
				CLANG_ANALYZER_NUMBER_OBJECT_CONVERSION = YES_AGGRESSIVE;
				CLANG_CXX_LANGUAGE_STANDARD = "gnu++14";
				CLANG_CXX_LIBRARY = "libc++";
				CLANG_ENABLE_MODULES = YES;
				CLANG_ENABLE_OBJC_ARC = YES;
				CLANG_ENABLE_OBJC_WEAK = YES;
				CLANG_WARN_BLOCK_CAPTURE_AUTORELEASING = YES;
				CLANG_WARN_BOOL_CONVERSION = YES;
				CLANG_WARN_COMMA = YES;
				CLANG_WARN_CONSTANT_CONVERSION = YES;
				CLANG_WARN_DEPRECATED_OBJC_IMPLEMENTATIONS = YES;
				CLANG_WARN_DIRECT_OBJC_ISA_USAGE = YES_ERROR;
				CLANG_WARN_DOCUMENTATION_COMMENTS = YES;
				CLANG_WARN_EMPTY_BODY = YES;
				CLANG_WARN_ENUM_CONVERSION = YES;
				CLANG_WARN_INFINITE_RECURSION = YES;
				CLANG_WARN_INT_CONVERSION = YES;
				CLANG_WARN_NON_LITERAL_NULL_CONVERSION = YES;
				CLANG_WARN_OBJC_IMPLICIT_RETAIN_SELF = YES;
				CLANG_WARN_OBJC_LITERAL_CONVERSION = YES;
				CLANG_WARN_OBJC_ROOT_CLASS = YES_ERROR;
				CLANG_WARN_RANGE_LOOP_ANALYSIS = YES;
				CLANG_WARN_STRICT_PROTOTYPES = YES;
				CLANG_WARN_SUSPICIOUS_MOVE = YES;
				CLANG_WARN_UNGUARDED_AVAILABILITY = YES_AGGRESSIVE;
				CLANG_WARN_UNREACHABLE_CODE = YES;
				CLANG_WARN__DUPLICATE_METHOD_MATCH = YES;
				COPY_PHASE_STRIP = NO;
				DEBUG_INFORMATION_FORMAT = "dwarf-with-dsym";
				ENABLE_NS_ASSERTIONS = NO;
				ENABLE_STRICT_OBJC_MSGSEND = YES;
				GCC_C_LANGUAGE_STANDARD = gnu11;
				GCC_NO_COMMON_BLOCKS = YES;
				GCC_WARN_64_TO_32_BIT_CONVERSION = YES;
				GCC_WARN_ABOUT_RETURN_TYPE = YES_ERROR;
				GCC_WARN_UNDECLARED_SELECTOR = YES;
				GCC_WARN_UNINITIALIZED_AUTOS = YES_AGGRESSIVE;
				GCC_WARN_UNUSED_FUNCTION = YES;
				GCC_WARN_UNUSED_VARIABLE = YES;
				IPHONEOS_DEPLOYMENT_TARGET = 13.5;
				MTL_ENABLE_DEBUG_INFO = NO;
				MTL_FAST_MATH = YES;
				SDKROOT = iphoneos;
				SWIFT_COMPILATION_MODE = wholemodule;
				SWIFT_OPTIMIZATION_LEVEL = "-O";
				VALIDATE_PRODUCT = YES;
			};
			name = Release;
		};
		66066AD924BED83E00D685D1 /* Debug */ = {
			isa = XCBuildConfiguration;
			baseConfigurationReference = A20AE87D027290F95990FBFC /* Pods-LSMusic.debug.xcconfig */;
			buildSettings = {
				ASSETCATALOG_COMPILER_APPICON_NAME = AppIcon;
				CODE_SIGN_STYLE = Automatic;
				DEVELOPMENT_TEAM = 5GWB2H668N;
				INFOPLIST_FILE = LSMusic/Info.plist;
				IPHONEOS_DEPLOYMENT_TARGET = 13.0;
				LD_RUNPATH_SEARCH_PATHS = (
					"$(inherited)",
					"@executable_path/Frameworks",
				);
				PRODUCT_BUNDLE_IDENTIFIER = slemeshaev.LSMusic;
				PRODUCT_NAME = "$(TARGET_NAME)";
				SWIFT_VERSION = 5.0;
				TARGETED_DEVICE_FAMILY = 1;
			};
			name = Debug;
		};
		66066ADA24BED83E00D685D1 /* Release */ = {
			isa = XCBuildConfiguration;
			baseConfigurationReference = A67D7D23DCA96042E5E2987A /* Pods-LSMusic.release.xcconfig */;
			buildSettings = {
				ASSETCATALOG_COMPILER_APPICON_NAME = AppIcon;
				CODE_SIGN_STYLE = Automatic;
				DEVELOPMENT_TEAM = 5GWB2H668N;
				INFOPLIST_FILE = LSMusic/Info.plist;
				IPHONEOS_DEPLOYMENT_TARGET = 13.0;
				LD_RUNPATH_SEARCH_PATHS = (
					"$(inherited)",
					"@executable_path/Frameworks",
				);
				PRODUCT_BUNDLE_IDENTIFIER = slemeshaev.LSMusic;
				PRODUCT_NAME = "$(TARGET_NAME)";
				SWIFT_VERSION = 5.0;
				TARGETED_DEVICE_FAMILY = 1;
			};
			name = Release;
		};
/* End XCBuildConfiguration section */

/* Begin XCConfigurationList section */
		66066ABF24BED83D00D685D1 /* Build configuration list for PBXProject "LSMusic" */ = {
			isa = XCConfigurationList;
			buildConfigurations = (
				66066AD624BED83E00D685D1 /* Debug */,
				66066AD724BED83E00D685D1 /* Release */,
			);
			defaultConfigurationIsVisible = 0;
			defaultConfigurationName = Release;
		};
		66066AD824BED83E00D685D1 /* Build configuration list for PBXNativeTarget "LSMusic" */ = {
			isa = XCConfigurationList;
			buildConfigurations = (
				66066AD924BED83E00D685D1 /* Debug */,
				66066ADA24BED83E00D685D1 /* Release */,
			);
			defaultConfigurationIsVisible = 0;
			defaultConfigurationName = Release;
		};
/* End XCConfigurationList section */
	};
	rootObject = 66066ABC24BED83D00D685D1 /* Project object */;
}
