// !$*UTF8*$!
{
	archiveVersion = 1;
	classes = {
	};
	objectVersion = 50;
	objects = {

/* Begin PBXBuildFile section */
		66066AC824BED83E00D685D1 /* AppDelegate.swift in Sources */ = {isa = PBXBuildFile; fileRef = 66066AC724BED83E00D685D1 /* AppDelegate.swift */; };
		66066ACA24BED83E00D685D1 /* SceneDelegate.swift in Sources */ = {isa = PBXBuildFile; fileRef = 66066AC924BED83E00D685D1 /* SceneDelegate.swift */; };
		66066ACC24BED83E00D685D1 /* ViewController.swift in Sources */ = {isa = PBXBuildFile; fileRef = 66066ACB24BED83E00D685D1 /* ViewController.swift */; };
		66066ACF24BED83E00D685D1 /* Main.storyboard in Resources */ = {isa = PBXBuildFile; fileRef = 66066ACD24BED83E00D685D1 /* Main.storyboard */; };
		66066AD124BED83E00D685D1 /* Assets.xcassets in Resources */ = {isa = PBXBuildFile; fileRef = 66066AD024BED83E00D685D1 /* Assets.xcassets */; };
		66066AD424BED83E00D685D1 /* LaunchScreen.storyboard in Resources */ = {isa = PBXBuildFile; fileRef = 66066AD224BED83E00D685D1 /* LaunchScreen.storyboard */; };
		66066ADC24BED90500D685D1 /* MainTabBarController.swift in Sources */ = {isa = PBXBuildFile; fileRef = 66066ADB24BED90500D685D1 /* MainTabBarController.swift */; };
		66066ADE24BEDD9B00D685D1 /* SearchViewController.swift in Sources */ = {isa = PBXBuildFile; fileRef = 66066ADD24BEDD9B00D685D1 /* SearchViewController.swift */; };
/* End PBXBuildFile section */

/* Begin PBXFileReference section */
		66066AC424BED83E00D685D1 /* LSMusic.app */ = {isa = PBXFileReference; explicitFileType = wrapper.application; includeInIndex = 0; path = LSMusic.app; sourceTree = BUILT_PRODUCTS_DIR; };
		66066AC724BED83E00D685D1 /* AppDelegate.swift */ = {isa = PBXFileReference; lastKnownFileType = sourcecode.swift; path = AppDelegate.swift; sourceTree = "<group>"; };
		66066AC924BED83E00D685D1 /* SceneDelegate.swift */ = {isa = PBXFileReference; lastKnownFileType = sourcecode.swift; path = SceneDelegate.swift; sourceTree = "<group>"; };
		66066ACB24BED83E00D685D1 /* ViewController.swift */ = {isa = PBXFileReference; lastKnownFileType = sourcecode.swift; path = ViewController.swift; sourceTree = "<group>"; };
		66066ACE24BED83E00D685D1 /* Base */ = {isa = PBXFileReference; lastKnownFileType = file.storyboard; name = Base; path = Base.lproj/Main.storyboard; sourceTree = "<group>"; };
		66066AD024BED83E00D685D1 /* Assets.xcassets */ = {isa = PBXFileReference; lastKnownFileType = folder.assetcatalog; path = Assets.xcassets; sourceTree = "<group>"; };
		66066AD324BED83E00D685D1 /* Base */ = {isa = PBXFileReference; lastKnownFileType = file.storyboard; name = Base; path = Base.lproj/LaunchScreen.storyboard; sourceTree = "<group>"; };
		66066AD524BED83E00D685D1 /* Info.plist */ = {isa = PBXFileReference; lastKnownFileType = text.plist.xml; path = Info.plist; sourceTree = "<group>"; };
		66066ADB24BED90500D685D1 /* MainTabBarController.swift */ = {isa = PBXFileReference; lastKnownFileType = sourcecode.swift; path = MainTabBarController.swift; sourceTree = "<group>"; };
		66066ADD24BEDD9B00D685D1 /* SearchViewController.swift */ = {isa = PBXFileReference; lastKnownFileType = sourcecode.swift; path = SearchViewController.swift; sourceTree = "<group>"; };
/* End PBXFileReference section */

/* Begin PBXFrameworksBuildPhase section */
		66066AC124BED83E00D685D1 /* Frameworks */ = {
			isa = PBXFrameworksBuildPhase;
			buildActionMask = 2147483647;
			files = (
			);
			runOnlyForDeploymentPostprocessing = 0;
		};
/* End PBXFrameworksBuildPhase section */

/* Begin PBXGroup section */
		66066ABB24BED83D00D685D1 = {
			isa = PBXGroup;
			children = (
				66066AC624BED83E00D685D1 /* LSMusic */,
				66066AC524BED83E00D685D1 /* Products */,
			);
			sourceTree = "<group>";
		};
		66066AC524BED83E00D685D1 /* Products */ = {
			isa = PBXGroup;
			children = (
				66066AC424BED83E00D685D1 /* LSMusic.app */,
			);
			name = Products;
			sourceTree = "<group>";
		};
		66066AC624BED83E00D685D1 /* LSMusic */ = {
			isa = PBXGroup;
			children = (
				66066AC724BED83E00D685D1 /* AppDelegate.swift */,
				66066AC924BED83E00D685D1 /* SceneDelegate.swift */,
				66066ADD24BEDD9B00D685D1 /* SearchViewController.swift */,
				66066ACB24BED83E00D685D1 /* ViewController.swift */,
				66066ADB24BED90500D685D1 /* MainTabBarController.swift */,
				66066ACD24BED83E00D685D1 /* Main.storyboard */,
				66066AD024BED83E00D685D1 /* Assets.xcassets */,
				66066AD224BED83E00D685D1 /* LaunchScreen.storyboard */,
				66066AD524BED83E00D685D1 /* Info.plist */,
			);
			path = LSMusic;
			sourceTree = "<group>";
		};
/* End PBXGroup section */

/* Begin PBXNativeTarget section */
		66066AC324BED83E00D685D1 /* LSMusic */ = {
			isa = PBXNativeTarget;
			buildConfigurationList = 66066AD824BED83E00D685D1 /* Build configuration list for PBXNativeTarget "LSMusic" */;
			buildPhases = (
				66066AC024BED83E00D685D1 /* Sources */,
				66066AC124BED83E00D685D1 /* Frameworks */,
				66066AC224BED83E00D685D1 /* Resources */,
			);
			buildRules = (
			);
			dependencies = (
			);
			name = LSMusic;
			productName = LSMusic;
			productReference = 66066AC424BED83E00D685D1 /* LSMusic.app */;
			productType = "com.apple.product-type.application";
		};
/* End PBXNativeTarget section */

/* Begin PBXProject section */
		66066ABC24BED83D00D685D1 /* Project object */ = {
			isa = PBXProject;
			attributes = {
				LastSwiftUpdateCheck = 1150;
				LastUpgradeCheck = 1150;
				ORGANIZATIONNAME = "Станислав Лемешаев";
				TargetAttributes = {
					66066AC324BED83E00D685D1 = {
						CreatedOnToolsVersion = 11.5;
					};
				};
			};
			buildConfigurationList = 66066ABF24BED83D00D685D1 /* Build configuration list for PBXProject "LSMusic" */;
			compatibilityVersion = "Xcode 9.3";
			developmentRegion = en;
			hasScannedForEncodings = 0;
			knownRegions = (
				en,
				Base,
			);
			mainGroup = 66066ABB24BED83D00D685D1;
			productRefGroup = 66066AC524BED83E00D685D1 /* Products */;
			projectDirPath = "";
			projectRoot = "";
			targets = (
				66066AC324BED83E00D685D1 /* LSMusic */,
			);
		};
/* End PBXProject section */

/* Begin PBXResourcesBuildPhase section */
		66066AC224BED83E00D685D1 /* Resources */ = {
			isa = PBXResourcesBuildPhase;
			buildActionMask = 2147483647;
			files = (
				66066AD424BED83E00D685D1 /* LaunchScreen.storyboard in Resources */,
				66066AD124BED83E00D685D1 /* Assets.xcassets in Resources */,
				66066ACF24BED83E00D685D1 /* Main.storyboard in Resources */,
			);
			runOnlyForDeploymentPostprocessing = 0;
		};
/* End PBXResourcesBuildPhase section */

/* Begin PBXSourcesBuildPhase section */
		66066AC024BED83E00D685D1 /* Sources */ = {
			isa = PBXSourcesBuildPhase;
			buildActionMask = 2147483647;
			files = (
				66066ADE24BEDD9B00D685D1 /* SearchViewController.swift in Sources */,
				66066ACC24BED83E00D685D1 /* ViewController.swift in Sources */,
				66066AC824BED83E00D685D1 /* AppDelegate.swift in Sources */,
				66066ADC24BED90500D685D1 /* MainTabBarController.swift in Sources */,
				66066ACA24BED83E00D685D1 /* SceneDelegate.swift in Sources */,
			);
			runOnlyForDeploymentPostprocessing = 0;
		};
/* End PBXSourcesBuildPhase section */

/* Begin PBXVariantGroup section */
		66066ACD24BED83E00D685D1 /* Main.storyboard */ = {
			isa = PBXVariantGroup;
			children = (
				66066ACE24BED83E00D685D1 /* Base */,
			);
			name = Main.storyboard;
			sourceTree = "<group>";
		};
		66066AD224BED83E00D685D1 /* LaunchScreen.storyboard */ = {
			isa = PBXVariantGroup;
			children = (
				66066AD324BED83E00D685D1 /* Base */,
			);
			name = LaunchScreen.storyboard;
			sourceTree = "<group>";
		};
/* End PBXVariantGroup section */

/* Begin XCBuildConfiguration section */
		66066AD624BED83E00D685D1 /* Debug */ = {
			isa = XCBuildConfiguration;
			buildSettings = {
				ALWAYS_SEARCH_USER_PATHS = NO;
				CLANG_ANALYZER_NONNULL = YES;
				CLANG_ANALYZER_NUMBER_OBJECT_CONVERSION = YES_AGGRESSIVE;
				CLANG_CXX_LANGUAGE_STANDARD = "gnu++14";
				CLANG_CXX_LIBRARY = "libc++";
				CLANG_ENABLE_MODULES = YES;
				CLANG_ENABLE_OBJC_ARC = YES;
				CLANG_ENABLE_OBJC_WEAK = YES;
				CLANG_WARN_BLOCK_CAPTURE_AUTORELEASING = YES;
				CLANG_WARN_BOOL_CONVERSION = YES;
				CLANG_WARN_COMMA = YES;
				CLANG_WARN_CONSTANT_CONVERSION = YES;
				CLANG_WARN_DEPRECATED_OBJC_IMPLEMENTATIONS = YES;
				CLANG_WARN_DIRECT_OBJC_ISA_USAGE = YES_ERROR;
				CLANG_WARN_DOCUMENTATION_COMMENTS = YES;
				CLANG_WARN_EMPTY_BODY = YES;
				CLANG_WARN_ENUM_CONVERSION = YES;
				CLANG_WARN_INFINITE_RECURSION = YES;
				CLANG_WARN_INT_CONVERSION = YES;
				CLANG_WARN_NON_LITERAL_NULL_CONVERSION = YES;
				CLANG_WARN_OBJC_IMPLICIT_RETAIN_SELF = YES;
				CLANG_WARN_OBJC_LITERAL_CONVERSION = YES;
				CLANG_WARN_OBJC_ROOT_CLASS = YES_ERROR;
				CLANG_WARN_RANGE_LOOP_ANALYSIS = YES;
				CLANG_WARN_STRICT_PROTOTYPES = YES;
				CLANG_WARN_SUSPICIOUS_MOVE = YES;
				CLANG_WARN_UNGUARDED_AVAILABILITY = YES_AGGRESSIVE;
				CLANG_WARN_UNREACHABLE_CODE = YES;
				CLANG_WARN__DUPLICATE_METHOD_MATCH = YES;
				COPY_PHASE_STRIP = NO;
				DEBUG_INFORMATION_FORMAT = dwarf;
				ENABLE_STRICT_OBJC_MSGSEND = YES;
				ENABLE_TESTABILITY = YES;
				GCC_C_LANGUAGE_STANDARD = gnu11;
				GCC_DYNAMIC_NO_PIC = NO;
				GCC_NO_COMMON_BLOCKS = YES;
				GCC_OPTIMIZATION_LEVEL = 0;
				GCC_PREPROCESSOR_DEFINITIONS = (
					"DEBUG=1",
					"$(inherited)",
				);
				GCC_WARN_64_TO_32_BIT_CONVERSION = YES;
				GCC_WARN_ABOUT_RETURN_TYPE = YES_ERROR;
				GCC_WARN_UNDECLARED_SELECTOR = YES;
				GCC_WARN_UNINITIALIZED_AUTOS = YES_AGGRESSIVE;
				GCC_WARN_UNUSED_FUNCTION = YES;
				GCC_WARN_UNUSED_VARIABLE = YES;
				IPHONEOS_DEPLOYMENT_TARGET = 13.5;
				MTL_ENABLE_DEBUG_INFO = INCLUDE_SOURCE;
				MTL_FAST_MATH = YES;
				ONLY_ACTIVE_ARCH = YES;
				SDKROOT = iphoneos;
				SWIFT_ACTIVE_COMPILATION_CONDITIONS = DEBUG;
				SWIFT_OPTIMIZATION_LEVEL = "-Onone";
			};
			name = Debug;
		};
		66066AD724BED83E00D685D1 /* Release */ = {
			isa = XCBuildConfiguration;
			buildSettings = {
				ALWAYS_SEARCH_USER_PATHS = NO;
				CLANG_ANALYZER_NONNULL = YES;
				CLANG_ANALYZER_NUMBER_OBJECT_CONVERSION = YES_AGGRESSIVE;
				CLANG_CXX_LANGUAGE_STANDARD = "gnu++14";
				CLANG_CXX_LIBRARY = "libc++";
				CLANG_ENABLE_MODULES = YES;
				CLANG_ENABLE_OBJC_ARC = YES;
				CLANG_ENABLE_OBJC_WEAK = YES;
				CLANG_WARN_BLOCK_CAPTURE_AUTORELEASING = YES;
				CLANG_WARN_BOOL_CONVERSION = YES;
				CLANG_WARN_COMMA = YES;
				CLANG_WARN_CONSTANT_CONVERSION = YES;
				CLANG_WARN_DEPRECATED_OBJC_IMPLEMENTATIONS = YES;
				CLANG_WARN_DIRECT_OBJC_ISA_USAGE = YES_ERROR;
				CLANG_WARN_DOCUMENTATION_COMMENTS = YES;
				CLANG_WARN_EMPTY_BODY = YES;
				CLANG_WARN_ENUM_CONVERSION = YES;
				CLANG_WARN_INFINITE_RECURSION = YES;
				CLANG_WARN_INT_CONVERSION = YES;
				CLANG_WARN_NON_LITERAL_NULL_CONVERSION = YES;
				CLANG_WARN_OBJC_IMPLICIT_RETAIN_SELF = YES;
				CLANG_WARN_OBJC_LITERAL_CONVERSION = YES;
				CLANG_WARN_OBJC_ROOT_CLASS = YES_ERROR;
				CLANG_WARN_RANGE_LOOP_ANALYSIS = YES;
				CLANG_WARN_STRICT_PROTOTYPES = YES;
				CLANG_WARN_SUSPICIOUS_MOVE = YES;
				CLANG_WARN_UNGUARDED_AVAILABILITY = YES_AGGRESSIVE;
				CLANG_WARN_UNREACHABLE_CODE = YES;
				CLANG_WARN__DUPLICATE_METHOD_MATCH = YES;
				COPY_PHASE_STRIP = NO;
				DEBUG_INFORMATION_FORMAT = "dwarf-with-dsym";
				ENABLE_NS_ASSERTIONS = NO;
				ENABLE_STRICT_OBJC_MSGSEND = YES;
				GCC_C_LANGUAGE_STANDARD = gnu11;
				GCC_NO_COMMON_BLOCKS = YES;
				GCC_WARN_64_TO_32_BIT_CONVERSION = YES;
				GCC_WARN_ABOUT_RETURN_TYPE = YES_ERROR;
				GCC_WARN_UNDECLARED_SELECTOR = YES;
				GCC_WARN_UNINITIALIZED_AUTOS = YES_AGGRESSIVE;
				GCC_WARN_UNUSED_FUNCTION = YES;
				GCC_WARN_UNUSED_VARIABLE = YES;
				IPHONEOS_DEPLOYMENT_TARGET = 13.5;
				MTL_ENABLE_DEBUG_INFO = NO;
				MTL_FAST_MATH = YES;
				SDKROOT = iphoneos;
				SWIFT_COMPILATION_MODE = wholemodule;
				SWIFT_OPTIMIZATION_LEVEL = "-O";
				VALIDATE_PRODUCT = YES;
			};
			name = Release;
		};
		66066AD924BED83E00D685D1 /* Debug */ = {
			isa = XCBuildConfiguration;
			buildSettings = {
				ASSETCATALOG_COMPILER_APPICON_NAME = AppIcon;
				CODE_SIGN_STYLE = Automatic;
				DEVELOPMENT_TEAM = 5GWB2H668N;
				INFOPLIST_FILE = LSMusic/Info.plist;
				IPHONEOS_DEPLOYMENT_TARGET = 13.0;
				LD_RUNPATH_SEARCH_PATHS = (
					"$(inherited)",
					"@executable_path/Frameworks",
				);
				PRODUCT_BUNDLE_IDENTIFIER = slemeshaev.LSMusic;
				PRODUCT_NAME = "$(TARGET_NAME)";
				SWIFT_VERSION = 5.0;
				TARGETED_DEVICE_FAMILY = 1;
			};
			name = Debug;
		};
		66066ADA24BED83E00D685D1 /* Release */ = {
			isa = XCBuildConfiguration;
			buildSettings = {
				ASSETCATALOG_COMPILER_APPICON_NAME = AppIcon;
				CODE_SIGN_STYLE = Automatic;
				DEVELOPMENT_TEAM = 5GWB2H668N;
				INFOPLIST_FILE = LSMusic/Info.plist;
				IPHONEOS_DEPLOYMENT_TARGET = 13.0;
				LD_RUNPATH_SEARCH_PATHS = (
					"$(inherited)",
					"@executable_path/Frameworks",
				);
				PRODUCT_BUNDLE_IDENTIFIER = slemeshaev.LSMusic;
				PRODUCT_NAME = "$(TARGET_NAME)";
				SWIFT_VERSION = 5.0;
				TARGETED_DEVICE_FAMILY = 1;
			};
			name = Release;
		};
/* End XCBuildConfiguration section */

/* Begin XCConfigurationList section */
		66066ABF24BED83D00D685D1 /* Build configuration list for PBXProject "LSMusic" */ = {
			isa = XCConfigurationList;
			buildConfigurations = (
				66066AD624BED83E00D685D1 /* Debug */,
				66066AD724BED83E00D685D1 /* Release */,
			);
			defaultConfigurationIsVisible = 0;
			defaultConfigurationName = Release;
		};
		66066AD824BED83E00D685D1 /* Build configuration list for PBXNativeTarget "LSMusic" */ = {
			isa = XCConfigurationList;
			buildConfigurations = (
				66066AD924BED83E00D685D1 /* Debug */,
				66066ADA24BED83E00D685D1 /* Release */,
			);
			defaultConfigurationIsVisible = 0;
			defaultConfigurationName = Release;
		};
/* End XCConfigurationList section */
	};
	rootObject = 66066ABC24BED83D00D685D1 /* Project object */;
}
